
Microsoft Visual Studio Solution File, Format Version 12.00
# Visual Studio Version 16
VisualStudioVersion = 16.0.30717.126
MinimumVisualStudioVersion = 10.0.40219.1
Project("{2150E333-8FDC-42A3-9474-1A3956D46DE8}") = "Android", "Android", "{7208A785-7D24-4D74-A84F-DB0AC97883B8}"
EndProject
Project("{2150E333-8FDC-42A3-9474-1A3956D46DE8}") = "Common", "Common", "{057ABF57-D56E-4590-B1BD-B35867AEF49F}"
EndProject
Project("{2150E333-8FDC-42A3-9474-1A3956D46DE8}") = "Test", "Test", "{2733A3BF-70B8-482E-A005-32C671C88D6A}"
EndProject
Project("{FAE04EC0-301F-11D3-BF4B-00C04F79EFBC}") = "CodeX.Android", "Android\CodeX.Android\CodeX.Android.csproj", "{FC0D8857-179C-430E-8D60-ED194FF75094}"
EndProject
Project("{9A19103F-16F7-4668-BE54-9A1E7A4F7556}") = "CodeX.Core", "Common\CodeX.Core\CodeX.Core.csproj", "{E2C5CF79-DF99-4024-8225-BD945E089F3E}"
EndProject
Project("{9A19103F-16F7-4668-BE54-9A1E7A4F7556}") = "CodeX.Core.Testing", "CodeX.Core.Testing\CodeX.Core.Testing.csproj", "{7BB45999-869A-409D-9B1E-4BFA043DC84A}"
EndProject
Project("{2150E333-8FDC-42A3-9474-1A3956D46DE8}") = "Artefacts", "Artefacts", "{706C0549-B3ED-47C8-97D2-F22301B7F002}"
	ProjectSection(SolutionItems) = preProject
		Artefacts\Coding_Challenge_Mobile.rtf = Artefacts\Coding_Challenge_Mobile.rtf
		Artefacts\Test_Mockup.pdf = Artefacts\Test_Mockup.pdf
	EndProjectSection
EndProject
Project("{9A19103F-16F7-4668-BE54-9A1E7A4F7556}") = "DataModel", "Common\DataModel\DataModel.csproj", "{F08C0F0E-719D-454D-94AB-6DF406B69590}"
EndProject
Project("{2150E333-8FDC-42A3-9474-1A3956D46DE8}") = "Solution Items", "Solution Items", "{C484924C-8309-4EDA-8C0C-DD96F5890FF9}"
	ProjectSection(SolutionItems) = preProject
		.editorconfig = .editorconfig
	EndProjectSection
EndProject
Global
	GlobalSection(SolutionConfigurationPlatforms) = preSolution
		Debug|Any CPU = Debug|Any CPU
		Release|Any CPU = Release|Any CPU
	EndGlobalSection
	GlobalSection(ProjectConfigurationPlatforms) = postSolution
		{FC0D8857-179C-430E-8D60-ED194FF75094}.Debug|Any CPU.ActiveCfg = Debug|Any CPU
		{FC0D8857-179C-430E-8D60-ED194FF75094}.Debug|Any CPU.Build.0 = Debug|Any CPU
		{FC0D8857-179C-430E-8D60-ED194FF75094}.Debug|Any CPU.Deploy.0 = Debug|Any CPU
		{FC0D8857-179C-430E-8D60-ED194FF75094}.Release|Any CPU.ActiveCfg = Release|Any CPU
		{FC0D8857-179C-430E-8D60-ED194FF75094}.Release|Any CPU.Build.0 = Release|Any CPU
		{FC0D8857-179C-430E-8D60-ED194FF75094}.Release|Any CPU.Deploy.0 = Release|Any CPU
		{E2C5CF79-DF99-4024-8225-BD945E089F3E}.Debug|Any CPU.ActiveCfg = Debug|Any CPU
		{E2C5CF79-DF99-4024-8225-BD945E089F3E}.Debug|Any CPU.Build.0 = Debug|Any CPU
		{E2C5CF79-DF99-4024-8225-BD945E089F3E}.Release|Any CPU.ActiveCfg = Release|Any CPU
		{E2C5CF79-DF99-4024-8225-BD945E089F3E}.Release|Any CPU.Build.0 = Release|Any CPU
		{7BB45999-869A-409D-9B1E-4BFA043DC84A}.Debug|Any CPU.ActiveCfg = Debug|Any CPU
		{7BB45999-869A-409D-9B1E-4BFA043DC84A}.Debug|Any CPU.Build.0 = Debug|Any CPU
		{7BB45999-869A-409D-9B1E-4BFA043DC84A}.Release|Any CPU.ActiveCfg = Release|Any CPU
		{7BB45999-869A-409D-9B1E-4BFA043DC84A}.Release|Any CPU.Build.0 = Release|Any CPU
		{F08C0F0E-719D-454D-94AB-6DF406B69590}.Debug|Any CPU.ActiveCfg = Debug|Any CPU
		{F08C0F0E-719D-454D-94AB-6DF406B69590}.Debug|Any CPU.Build.0 = Debug|Any CPU
		{F08C0F0E-719D-454D-94AB-6DF406B69590}.Release|Any CPU.ActiveCfg = Release|Any CPU
		{F08C0F0E-719D-454D-94AB-6DF406B69590}.Release|Any CPU.Build.0 = Release|Any CPU
	EndGlobalSection
	GlobalSection(SolutionProperties) = preSolution
		HideSolutionNode = FALSE
	EndGlobalSection
	GlobalSection(NestedProjects) = preSolution
		{FC0D8857-179C-430E-8D60-ED194FF75094} = {7208A785-7D24-4D74-A84F-DB0AC97883B8}
		{E2C5CF79-DF99-4024-8225-BD945E089F3E} = {057ABF57-D56E-4590-B1BD-B35867AEF49F}
		{7BB45999-869A-409D-9B1E-4BFA043DC84A} = {2733A3BF-70B8-482E-A005-32C671C88D6A}
		{F08C0F0E-719D-454D-94AB-6DF406B69590} = {057ABF57-D56E-4590-B1BD-B35867AEF49F}
	EndGlobalSection
	GlobalSection(ExtensibilityGlobals) = postSolution
		SolutionGuid = {B4E75A27-B7C2-4FFE-B5A9-ECE38B528C8F}
	EndGlobalSection
EndGlobal
